{
  "name": "kyanite-tutorial",
  "version": "0.1.0",
  "lockfileVersion": 1,
  "requires": true,
  "dependencies": {
    "kyanite": {
      "version": "0.9.0",
      "resolved": "https://registry.npmjs.org/kyanite/-/kyanite-0.9.0.tgz",
      "integrity": "sha512-UE5MIrfPgzI94Jo12jaBtDLoN1pys0SAR0yCteqXltEkEodPmhno/LB+XsDh3ZdYlX768cu0ge0HHgocCBeWOw=="
    }
  }
}
